
Microsoft Visual Studio Solution File, Format Version 12.00
# Visual Studio 15
VisualStudioVersion = 15.0.27428.2002
MinimumVisualStudioVersion = 10.0.40219.1
Project("{9A19103F-16F7-4668-BE54-9A1E7A4F7556}") = "Quanta.Core", "Quanta.Core\Quanta.Core.csproj", "{31D1D23E-1949-42BF-BC9A-7835F2EB7F03}"
EndProject
Project("{9A19103F-16F7-4668-BE54-9A1E7A4F7556}") = "Quanta.Core.Tests", "Quanta.Core.Tests\Quanta.Core.Tests.csproj", "{AA447F1B-9499-4BE4-B3D2-5E3D8F49AF42}"
EndProject
Project("{9A19103F-16F7-4668-BE54-9A1E7A4F7556}") = "Quanta.Core.Benchmarks", "Quanta.Core.Benchmarks\Quanta.Core.Benchmarks.csproj", "{B256D651-55B5-4D64-A6A8-AB38AD2AC94F}"
EndProject
Project("{9A19103F-16F7-4668-BE54-9A1E7A4F7556}") = "Quanta.DataLoader", "Quanta.DataLoader\Quanta.DataLoader.csproj", "{36FCF6DF-347B-4D50-A222-6C6C2EE5FC6E}"
EndProject
Project("{9A19103F-16F7-4668-BE54-9A1E7A4F7556}") = "Quanta.Core.Options", "Quanta.Core.Options\Quanta.Core.Options.csproj", "{7A020AEE-26C9-4D51-9A24-86BEE62AC38C}"
EndProject
Global
	GlobalSection(Performance) = preSolution
		HasPerformanceSessions = true
	EndGlobalSection
	GlobalSection(SolutionConfigurationPlatforms) = preSolution
		Debug|Any CPU = Debug|Any CPU
		Release|Any CPU = Release|Any CPU
	EndGlobalSection
	GlobalSection(ProjectConfigurationPlatforms) = postSolution
		{31D1D23E-1949-42BF-BC9A-7835F2EB7F03}.Debug|Any CPU.ActiveCfg = Debug|Any CPU
		{31D1D23E-1949-42BF-BC9A-7835F2EB7F03}.Debug|Any CPU.Build.0 = Debug|Any CPU
		{31D1D23E-1949-42BF-BC9A-7835F2EB7F03}.Release|Any CPU.ActiveCfg = Release|Any CPU
		{31D1D23E-1949-42BF-BC9A-7835F2EB7F03}.Release|Any CPU.Build.0 = Release|Any CPU
		{AA447F1B-9499-4BE4-B3D2-5E3D8F49AF42}.Debug|Any CPU.ActiveCfg = Debug|Any CPU
		{AA447F1B-9499-4BE4-B3D2-5E3D8F49AF42}.Debug|Any CPU.Build.0 = Debug|Any CPU
		{AA447F1B-9499-4BE4-B3D2-5E3D8F49AF42}.Release|Any CPU.ActiveCfg = Release|Any CPU
		{AA447F1B-9499-4BE4-B3D2-5E3D8F49AF42}.Release|Any CPU.Build.0 = Release|Any CPU
		{B256D651-55B5-4D64-A6A8-AB38AD2AC94F}.Debug|Any CPU.ActiveCfg = Debug|Any CPU
		{B256D651-55B5-4D64-A6A8-AB38AD2AC94F}.Debug|Any CPU.Build.0 = Debug|Any CPU
		{B256D651-55B5-4D64-A6A8-AB38AD2AC94F}.Release|Any CPU.ActiveCfg = Release|Any CPU
		{B256D651-55B5-4D64-A6A8-AB38AD2AC94F}.Release|Any CPU.Build.0 = Release|Any CPU
		{36FCF6DF-347B-4D50-A222-6C6C2EE5FC6E}.Debug|Any CPU.ActiveCfg = Debug|Any CPU
		{36FCF6DF-347B-4D50-A222-6C6C2EE5FC6E}.Debug|Any CPU.Build.0 = Debug|Any CPU
		{36FCF6DF-347B-4D50-A222-6C6C2EE5FC6E}.Release|Any CPU.ActiveCfg = Release|Any CPU
		{36FCF6DF-347B-4D50-A222-6C6C2EE5FC6E}.Release|Any CPU.Build.0 = Release|Any CPU
		{7A020AEE-26C9-4D51-9A24-86BEE62AC38C}.Debug|Any CPU.ActiveCfg = Debug|Any CPU
		{7A020AEE-26C9-4D51-9A24-86BEE62AC38C}.Debug|Any CPU.Build.0 = Debug|Any CPU
		{7A020AEE-26C9-4D51-9A24-86BEE62AC38C}.Release|Any CPU.ActiveCfg = Release|Any CPU
		{7A020AEE-26C9-4D51-9A24-86BEE62AC38C}.Release|Any CPU.Build.0 = Release|Any CPU
	EndGlobalSection
	GlobalSection(SolutionProperties) = preSolution
		HideSolutionNode = FALSE
	EndGlobalSection
	GlobalSection(ExtensibilityGlobals) = postSolution
		SolutionGuid = {F1A109EA-5F20-4BFD-88A1-3C098E04F418}
	EndGlobalSection
	GlobalSection(Performance) = preSolution
		HasPerformanceSessions = true
	EndGlobalSection
	GlobalSection(Performance) = preSolution
		HasPerformanceSessions = true
	EndGlobalSection
	GlobalSection(Performance) = preSolution
		HasPerformanceSessions = true
	EndGlobalSection
	GlobalSection(Performance) = preSolution
		HasPerformanceSessions = true
	EndGlobalSection
	GlobalSection(Performance) = preSolution
		HasPerformanceSessions = true
	EndGlobalSection
	GlobalSection(Performance) = preSolution
		HasPerformanceSessions = true
	EndGlobalSection
	GlobalSection(Performance) = preSolution
		HasPerformanceSessions = true
	EndGlobalSection
EndGlobal
